
Microsoft Visual Studio Solution File, Format Version 12.00
# Visual Studio 15
VisualStudioVersion = 15.0.26730.3
MinimumVisualStudioVersion = 10.0.40219.1
Project("{9A19103F-16F7-4668-BE54-9A1E7A4F7556}") = "Elmah.Io.Client", "src\Elmah.Io.Client\Elmah.Io.Client.csproj", "{5F1C7559-931C-4BA2-AB21-D024F4B3EA1D}"
EndProject
Project("{2150E333-8FDC-42A3-9474-1A3956D46DE8}") = "src", "src", "{F6FC33FB-1E68-4C90-8272-3CD685D9DB25}"
EndProject
Project("{2150E333-8FDC-42A3-9474-1A3956D46DE8}") = "samples", "samples", "{75CA8873-5C54-419A-9107-7B7BFAFC2FEE}"
EndProject
Global
	GlobalSection(SolutionConfigurationPlatforms) = preSolution
		Debug|Any CPU = Debug|Any CPU
		Release|Any CPU = Release|Any CPU
	EndGlobalSection
	GlobalSection(ProjectConfigurationPlatforms) = postSolution
		{5F1C7559-931C-4BA2-AB21-D024F4B3EA1D}.Debug|Any CPU.ActiveCfg = Debug|Any CPU
		{5F1C7559-931C-4BA2-AB21-D024F4B3EA1D}.Debug|Any CPU.Build.0 = Debug|Any CPU
		{5F1C7559-931C-4BA2-AB21-D024F4B3EA1D}.Release|Any CPU.ActiveCfg = Release|Any CPU
		{5F1C7559-931C-4BA2-AB21-D024F4B3EA1D}.Release|Any CPU.Build.0 = Release|Any CPU
	EndGlobalSection
	GlobalSection(SolutionProperties) = preSolution
		HideSolutionNode = FALSE
	EndGlobalSection
	GlobalSection(NestedProjects) = preSolution
		{5F1C7559-931C-4BA2-AB21-D024F4B3EA1D} = {F6FC33FB-1E68-4C90-8272-3CD685D9DB25}
	EndGlobalSection
	GlobalSection(ExtensibilityGlobals) = postSolution
		SolutionGuid = {55701C32-7FA7-4018-A029-6210CEEE93A4}
	EndGlobalSection
EndGlobal
